// !$*UTF8*$!
{
	archiveVersion = 1;
	classes = {
	};
	objectVersion = 56;
	objects = {

/* Begin PBXBuildFile section */
		784BA95F2C9A34D000D6221C /* ContentView.swift in Sources */ = {isa = PBXBuildFile; fileRef = 784BA95E2C9A34D000D6221C /* ContentView.swift */; };
		784BA9612C9A350300D6221C /* SecondPageView.swift in Sources */ = {isa = PBXBuildFile; fileRef = 784BA9602C9A350300D6221C /* SecondPageView.swift */; };
		784BA9632C9A352200D6221C /* ThirdPageView.swift in Sources */ = {isa = PBXBuildFile; fileRef = 784BA9622C9A352200D6221C /* ThirdPageView.swift */; };
		784BA9652C9A354D00D6221C /* FourthPageView.swift in Sources */ = {isa = PBXBuildFile; fileRef = 784BA9642C9A354D00D6221C /* FourthPageView.swift */; };
		784BA9672C9A357400D6221C /* FifthPageView.swift in Sources */ = {isa = PBXBuildFile; fileRef = 784BA9662C9A357400D6221C /* FifthPageView.swift */; };
		784BA9692C9A35A300D6221C /* SixthPageView.swift in Sources */ = {isa = PBXBuildFile; fileRef = 784BA9682C9A35A300D6221C /* SixthPageView.swift */; };
		784BA96B2C9A35C900D6221C /* SeventhPageView.swift in Sources */ = {isa = PBXBuildFile; fileRef = 784BA96A2C9A35C900D6221C /* SeventhPageView.swift */; };
		784BA96D2C9A360100D6221C /* EighthPageView.swift in Sources */ = {isa = PBXBuildFile; fileRef = 784BA96C2C9A360100D6221C /* EighthPageView.swift */; };
		784BA96F2C9A362000D6221C /* NinthPageView.swift in Sources */ = {isa = PBXBuildFile; fileRef = 784BA96E2C9A362000D6221C /* NinthPageView.swift */; };
		784BA9712C9A363A00D6221C /* TenthPageView.swift in Sources */ = {isa = PBXBuildFile; fileRef = 784BA9702C9A363A00D6221C /* TenthPageView.swift */; };
		78FD95F82C9A31B3001F342C /* Assets.xcassets in Resources */ = {isa = PBXBuildFile; fileRef = 78FD95F72C9A31B3001F342C /* Assets.xcassets */; };
		78FD95FB2C9A31B3001F342C /* Preview Assets.xcassets in Resources */ = {isa = PBXBuildFile; fileRef = 78FD95FA2C9A31B3001F342C /* Preview Assets.xcassets */; };
/* End PBXBuildFile section */

/* Begin PBXContainerItemProxy section */
		78FD96012C9A31B4001F342C /* PBXContainerItemProxy */ = {
			isa = PBXContainerItemProxy;
			containerPortal = 78FD95E82C9A31B2001F342C /* Project object */;
			proxyType = 1;
			remoteGlobalIDString = 78FD95EF2C9A31B2001F342C;
			remoteInfo = SenasDevStory;
		};
		78FD960B2C9A31B4001F342C /* PBXContainerItemProxy */ = {
			isa = PBXContainerItemProxy;
			containerPortal = 78FD95E82C9A31B2001F342C /* Project object */;
			proxyType = 1;
			remoteGlobalIDString = 78FD95EF2C9A31B2001F342C;
			remoteInfo = SenasDevStory;
		};
/* End PBXContainerItemProxy section */

/* Begin PBXFileReference section */
		784BA95E2C9A34D000D6221C /* ContentView.swift */ = {isa = PBXFileReference; lastKnownFileType = sourcecode.swift; path = ContentView.swift; sourceTree = "<group>"; };
		784BA9602C9A350300D6221C /* SecondPageView.swift */ = {isa = PBXFileReference; lastKnownFileType = sourcecode.swift; path = SecondPageView.swift; sourceTree = "<group>"; };
		784BA9622C9A352200D6221C /* ThirdPageView.swift */ = {isa = PBXFileReference; lastKnownFileType = sourcecode.swift; path = ThirdPageView.swift; sourceTree = "<group>"; };
		784BA9642C9A354D00D6221C /* FourthPageView.swift */ = {isa = PBXFileReference; lastKnownFileType = sourcecode.swift; path = FourthPageView.swift; sourceTree = "<group>"; };
		784BA9662C9A357400D6221C /* FifthPageView.swift */ = {isa = PBXFileReference; lastKnownFileType = sourcecode.swift; path = FifthPageView.swift; sourceTree = "<group>"; };
		784BA9682C9A35A300D6221C /* SixthPageView.swift */ = {isa = PBXFileReference; lastKnownFileType = sourcecode.swift; path = SixthPageView.swift; sourceTree = "<group>"; };
		784BA96A2C9A35C900D6221C /* SeventhPageView.swift */ = {isa = PBXFileReference; lastKnownFileType = sourcecode.swift; path = SeventhPageView.swift; sourceTree = "<group>"; };
		784BA96C2C9A360100D6221C /* EighthPageView.swift */ = {isa = PBXFileReference; lastKnownFileType = sourcecode.swift; path = EighthPageView.swift; sourceTree = "<group>"; };
		784BA96E2C9A362000D6221C /* NinthPageView.swift */ = {isa = PBXFileReference; lastKnownFileType = sourcecode.swift; path = NinthPageView.swift; sourceTree = "<group>"; };
		784BA9702C9A363A00D6221C /* TenthPageView.swift */ = {isa = PBXFileReference; lastKnownFileType = sourcecode.swift; path = TenthPageView.swift; sourceTree = "<group>"; };
		78FD95F02C9A31B2001F342C /* SenasDevStory.app */ = {isa = PBXFileReference; explicitFileType = wrapper.application; includeInIndex = 0; path = SenasDevStory.app; sourceTree = BUILT_PRODUCTS_DIR; };
		78FD95F72C9A31B3001F342C /* Assets.xcassets */ = {isa = PBXFileReference; lastKnownFileType = folder.assetcatalog; path = Assets.xcassets; sourceTree = "<group>"; };
		78FD95FA2C9A31B3001F342C /* Preview Assets.xcassets */ = {isa = PBXFileReference; lastKnownFileType = folder.assetcatalog; path = "Preview Assets.xcassets"; sourceTree = "<group>"; };
		78FD96002C9A31B4001F342C /* SenasDevStoryTests.xctest */ = {isa = PBXFileReference; explicitFileType = wrapper.cfbundle; includeInIndex = 0; path = SenasDevStoryTests.xctest; sourceTree = BUILT_PRODUCTS_DIR; };
		78FD960A2C9A31B4001F342C /* SenasDevStoryUITests.xctest */ = {isa = PBXFileReference; explicitFileType = wrapper.cfbundle; includeInIndex = 0; path = SenasDevStoryUITests.xctest; sourceTree = BUILT_PRODUCTS_DIR; };
/* End PBXFileReference section */

/* Begin PBXFrameworksBuildPhase section */
		78FD95ED2C9A31B2001F342C /* Frameworks */ = {
			isa = PBXFrameworksBuildPhase;
			buildActionMask = 2147483647;
			files = (
			);
			runOnlyForDeploymentPostprocessing = 0;
		};
		78FD95FD2C9A31B4001F342C /* Frameworks */ = {
			isa = PBXFrameworksBuildPhase;
			buildActionMask = 2147483647;
			files = (
			);
			runOnlyForDeploymentPostprocessing = 0;
		};
		78FD96072C9A31B4001F342C /* Frameworks */ = {
			isa = PBXFrameworksBuildPhase;
			buildActionMask = 2147483647;
			files = (
			);
			runOnlyForDeploymentPostprocessing = 0;
		};
/* End PBXFrameworksBuildPhase section */

/* Begin PBXGroup section */
		78FD95E72C9A31B2001F342C = {
			isa = PBXGroup;
			children = (
				78FD95F22C9A31B2001F342C /* SenasDevStory */,
				78FD95F12C9A31B2001F342C /* Products */,
			);
			sourceTree = "<group>";
		};
		78FD95F12C9A31B2001F342C /* Products */ = {
			isa = PBXGroup;
			children = (
				78FD95F02C9A31B2001F342C /* SenasDevStory.app */,
				78FD96002C9A31B4001F342C /* SenasDevStoryTests.xctest */,
				78FD960A2C9A31B4001F342C /* SenasDevStoryUITests.xctest */,
			);
			name = Products;
			sourceTree = "<group>";
		};
		78FD95F22C9A31B2001F342C /* SenasDevStory */ = {
			isa = PBXGroup;
			children = (
				784BA9602C9A350300D6221C /* SecondPageView.swift */,
				784BA9682C9A35A300D6221C /* SixthPageView.swift */,
				784BA96A2C9A35C900D6221C /* SeventhPageView.swift */,
				784BA9702C9A363A00D6221C /* TenthPageView.swift */,
				784BA9622C9A352200D6221C /* ThirdPageView.swift */,
				784BA96C2C9A360100D6221C /* EighthPageView.swift */,
				784BA9662C9A357400D6221C /* FifthPageView.swift */,
				784BA95E2C9A34D000D6221C /* ContentView.swift */,
				784BA9642C9A354D00D6221C /* FourthPageView.swift */,
				784BA96E2C9A362000D6221C /* NinthPageView.swift */,
				78FD95F72C9A31B3001F342C /* Assets.xcassets */,
				78FD95F92C9A31B3001F342C /* Preview Content */,
			);
			path = SenasDevStory;
			sourceTree = "<group>";
		};
		78FD95F92C9A31B3001F342C /* Preview Content */ = {
			isa = PBXGroup;
			children = (
				78FD95FA2C9A31B3001F342C /* Preview Assets.xcassets */,
			);
			path = "Preview Content";
			sourceTree = "<group>";
		};
/* End PBXGroup section */

/* Begin PBXNativeTarget section */
		78FD95EF2C9A31B2001F342C /* SenasDevStory */ = {
			isa = PBXNativeTarget;
			buildConfigurationList = 78FD96142C9A31B4001F342C /* Build configuration list for PBXNativeTarget "SenasDevStory" */;
			buildPhases = (
				78FD95EC2C9A31B2001F342C /* Sources */,
				78FD95ED2C9A31B2001F342C /* Frameworks */,
				78FD95EE2C9A31B2001F342C /* Resources */,
			);
			buildRules = (
			);
			dependencies = (
			);
			name = SenasDevStory;
			productName = SenasDevStory;
			productReference = 78FD95F02C9A31B2001F342C /* SenasDevStory.app */;
			productType = "com.apple.product-type.application";
		};
		78FD95FF2C9A31B4001F342C /* SenasDevStoryTests */ = {
			isa = PBXNativeTarget;
			buildConfigurationList = 78FD96172C9A31B4001F342C /* Build configuration list for PBXNativeTarget "SenasDevStoryTests" */;
			buildPhases = (
				78FD95FC2C9A31B4001F342C /* Sources */,
				78FD95FD2C9A31B4001F342C /* Frameworks */,
				78FD95FE2C9A31B4001F342C /* Resources */,
			);
			buildRules = (
			);
			dependencies = (
				78FD96022C9A31B4001F342C /* PBXTargetDependency */,
			);
			name = SenasDevStoryTests;
			productName = SenasDevStoryTests;
			productReference = 78FD96002C9A31B4001F342C /* SenasDevStoryTests.xctest */;
			productType = "com.apple.product-type.bundle.unit-test";
		};
		78FD96092C9A31B4001F342C /* SenasDevStoryUITests */ = {
			isa = PBXNativeTarget;
			buildConfigurationList = 78FD961A2C9A31B4001F342C /* Build configuration list for PBXNativeTarget "SenasDevStoryUITests" */;
			buildPhases = (
				78FD96062C9A31B4001F342C /* Sources */,
				78FD96072C9A31B4001F342C /* Frameworks */,
				78FD96082C9A31B4001F342C /* Resources */,
			);
			buildRules = (
			);
			dependencies = (
				78FD960C2C9A31B4001F342C /* PBXTargetDependency */,
			);
			name = SenasDevStoryUITests;
			productName = SenasDevStoryUITests;
			productReference = 78FD960A2C9A31B4001F342C /* SenasDevStoryUITests.xctest */;
			productType = "com.apple.product-type.bundle.ui-testing";
		};
/* End PBXNativeTarget section */

/* Begin PBXProject section */
		78FD95E82C9A31B2001F342C /* Project object */ = {
			isa = PBXProject;
			attributes = {
				BuildIndependentTargetsInParallel = 1;
				LastSwiftUpdateCheck = 1540;
				LastUpgradeCheck = 1540;
				TargetAttributes = {
					78FD95EF2C9A31B2001F342C = {
						CreatedOnToolsVersion = 15.4;
					};
					78FD95FF2C9A31B4001F342C = {
						CreatedOnToolsVersion = 15.4;
						TestTargetID = 78FD95EF2C9A31B2001F342C;
					};
					78FD96092C9A31B4001F342C = {
						CreatedOnToolsVersion = 15.4;
						TestTargetID = 78FD95EF2C9A31B2001F342C;
					};
				};
			};
			buildConfigurationList = 78FD95EB2C9A31B2001F342C /* Build configuration list for PBXProject "SenasDevStory" */;
			compatibilityVersion = "Xcode 14.0";
			developmentRegion = en;
			hasScannedForEncodings = 0;
			knownRegions = (
				en,
				Base,
			);
			mainGroup = 78FD95E72C9A31B2001F342C;
			productRefGroup = 78FD95F12C9A31B2001F342C /* Products */;
			projectDirPath = "";
			projectRoot = "";
			targets = (
				78FD95EF2C9A31B2001F342C /* SenasDevStory */,
				78FD95FF2C9A31B4001F342C /* SenasDevStoryTests */,
				78FD96092C9A31B4001F342C /* SenasDevStoryUITests */,
			);
		};
/* End PBXProject section */

/* Begin PBXResourcesBuildPhase section */
		78FD95EE2C9A31B2001F342C /* Resources */ = {
			isa = PBXResourcesBuildPhase;
			buildActionMask = 2147483647;
			files = (
				78FD95FB2C9A31B3001F342C /* Preview Assets.xcassets in Resources */,
				78FD95F82C9A31B3001F342C /* Assets.xcassets in Resources */,
			);
			runOnlyForDeploymentPostprocessing = 0;
		};
		78FD95FE2C9A31B4001F342C /* Resources */ = {
			isa = PBXResourcesBuildPhase;
			buildActionMask = 2147483647;
			files = (
			);
			runOnlyForDeploymentPostprocessing = 0;
		};
		78FD96082C9A31B4001F342C /* Resources */ = {
			isa = PBXResourcesBuildPhase;
			buildActionMask = 2147483647;
			files = (
			);
			runOnlyForDeploymentPostprocessing = 0;
		};
/* End PBXResourcesBuildPhase section */

/* Begin PBXSourcesBuildPhase section */
		78FD95EC2C9A31B2001F342C /* Sources */ = {
			isa = PBXSourcesBuildPhase;
			buildActionMask = 2147483647;
			files = (
				784BA96D2C9A360100D6221C /* EighthPageView.swift in Sources */,
				784BA96F2C9A362000D6221C /* NinthPageView.swift in Sources */,
				784BA95F2C9A34D000D6221C /* ContentView.swift in Sources */,
				784BA9652C9A354D00D6221C /* FourthPageView.swift in Sources */,
				784BA9632C9A352200D6221C /* ThirdPageView.swift in Sources */,
				784BA9612C9A350300D6221C /* SecondPageView.swift in Sources */,
				784BA96B2C9A35C900D6221C /* SeventhPageView.swift in Sources */,
				784BA9672C9A357400D6221C /* FifthPageView.swift in Sources */,
				784BA9692C9A35A300D6221C /* SixthPageView.swift in Sources */,
				784BA9712C9A363A00D6221C /* TenthPageView.swift in Sources */,
			);
			runOnlyForDeploymentPostprocessing = 0;
		};
		78FD95FC2C9A31B4001F342C /* Sources */ = {
			isa = PBXSourcesBuildPhase;
			buildActionMask = 2147483647;
			files = (
			);
			runOnlyForDeploymentPostprocessing = 0;
		};
		78FD96062C9A31B4001F342C /* Sources */ = {
			isa = PBXSourcesBuildPhase;
			buildActionMask = 2147483647;
			files = (
			);
			runOnlyForDeploymentPostprocessing = 0;
		};
/* End PBXSourcesBuildPhase section */

/* Begin PBXTargetDependency section */
		78FD96022C9A31B4001F342C /* PBXTargetDependency */ = {
			isa = PBXTargetDependency;
			target = 78FD95EF2C9A31B2001F342C /* SenasDevStory */;
			targetProxy = 78FD96012C9A31B4001F342C /* PBXContainerItemProxy */;
		};
		78FD960C2C9A31B4001F342C /* PBXTargetDependency */ = {
			isa = PBXTargetDependency;
			target = 78FD95EF2C9A31B2001F342C /* SenasDevStory */;
			targetProxy = 78FD960B2C9A31B4001F342C /* PBXContainerItemProxy */;
		};
/* End PBXTargetDependency section */

/* Begin XCBuildConfiguration section */
		78FD96122C9A31B4001F342C /* Debug */ = {
			isa = XCBuildConfiguration;
			buildSettings = {
				ALWAYS_SEARCH_USER_PATHS = NO;
				ASSETCATALOG_COMPILER_GENERATE_SWIFT_ASSET_SYMBOL_EXTENSIONS = YES;
				CLANG_ANALYZER_NONNULL = YES;
				CLANG_ANALYZER_NUMBER_OBJECT_CONVERSION = YES_AGGRESSIVE;
				CLANG_CXX_LANGUAGE_STANDARD = "gnu++20";
				CLANG_ENABLE_MODULES = YES;
				CLANG_ENABLE_OBJC_ARC = YES;
				CLANG_ENABLE_OBJC_WEAK = YES;
				CLANG_WARN_BLOCK_CAPTURE_AUTORELEASING = YES;
				CLANG_WARN_BOOL_CONVERSION = YES;
				CLANG_WARN_COMMA = YES;
				CLANG_WARN_CONSTANT_CONVERSION = YES;
				CLANG_WARN_DEPRECATED_OBJC_IMPLEMENTATIONS = YES;
				CLANG_WARN_DIRECT_OBJC_ISA_USAGE = YES_ERROR;
				CLANG_WARN_DOCUMENTATION_COMMENTS = YES;
				CLANG_WARN_EMPTY_BODY = YES;
				CLANG_WARN_ENUM_CONVERSION = YES;
				CLANG_WARN_INFINITE_RECURSION = YES;
				CLANG_WARN_INT_CONVERSION = YES;
				CLANG_WARN_NON_LITERAL_NULL_CONVERSION = YES;
				CLANG_WARN_OBJC_IMPLICIT_RETAIN_SELF = YES;
				CLANG_WARN_OBJC_LITERAL_CONVERSION = YES;
				CLANG_WARN_OBJC_ROOT_CLASS = YES_ERROR;
				CLANG_WARN_QUOTED_INCLUDE_IN_FRAMEWORK_HEADER = YES;
				CLANG_WARN_RANGE_LOOP_ANALYSIS = YES;
				CLANG_WARN_STRICT_PROTOTYPES = YES;
				CLANG_WARN_SUSPICIOUS_MOVE = YES;
				CLANG_WARN_UNGUARDED_AVAILABILITY = YES_AGGRESSIVE;
				CLANG_WARN_UNREACHABLE_CODE = YES;
				CLANG_WARN__DUPLICATE_METHOD_MATCH = YES;
				COPY_PHASE_STRIP = NO;
				DEBUG_INFORMATION_FORMAT = dwarf;
				ENABLE_STRICT_OBJC_MSGSEND = YES;
				ENABLE_TESTABILITY = YES;
				ENABLE_USER_SCRIPT_SANDBOXING = YES;
				GCC_C_LANGUAGE_STANDARD = gnu17;
				GCC_DYNAMIC_NO_PIC = NO;
				GCC_NO_COMMON_BLOCKS = YES;
				GCC_OPTIMIZATION_LEVEL = 0;
				GCC_PREPROCESSOR_DEFINITIONS = (
					"DEBUG=1",
					"$(inherited)",
				);
				GCC_WARN_64_TO_32_BIT_CONVERSION = YES;
				GCC_WARN_ABOUT_RETURN_TYPE = YES_ERROR;
				GCC_WARN_UNDECLARED_SELECTOR = YES;
				GCC_WARN_UNINITIALIZED_AUTOS = YES_AGGRESSIVE;
				GCC_WARN_UNUSED_FUNCTION = YES;
				GCC_WARN_UNUSED_VARIABLE = YES;
				IPHONEOS_DEPLOYMENT_TARGET = 17.5;
				LOCALIZATION_PREFERS_STRING_CATALOGS = YES;
				MTL_ENABLE_DEBUG_INFO = INCLUDE_SOURCE;
				MTL_FAST_MATH = YES;
				ONLY_ACTIVE_ARCH = YES;
				SDKROOT = iphoneos;
				SWIFT_ACTIVE_COMPILATION_CONDITIONS = "DEBUG $(inherited)";
				SWIFT_OPTIMIZATION_LEVEL = "-Onone";
			};
			name = Debug;
		};
		78FD96132C9A31B4001F342C /* Release */ = {
			isa = XCBuildConfiguration;
			buildSettings = {
				ALWAYS_SEARCH_USER_PATHS = NO;
				ASSETCATALOG_COMPILER_GENERATE_SWIFT_ASSET_SYMBOL_EXTENSIONS = YES;
				CLANG_ANALYZER_NONNULL = YES;
				CLANG_ANALYZER_NUMBER_OBJECT_CONVERSION = YES_AGGRESSIVE;
				CLANG_CXX_LANGUAGE_STANDARD = "gnu++20";
				CLANG_ENABLE_MODULES = YES;
				CLANG_ENABLE_OBJC_ARC = YES;
				CLANG_ENABLE_OBJC_WEAK = YES;
				CLANG_WARN_BLOCK_CAPTURE_AUTORELEASING = YES;
				CLANG_WARN_BOOL_CONVERSION = YES;
				CLANG_WARN_COMMA = YES;
				CLANG_WARN_CONSTANT_CONVERSION = YES;
				CLANG_WARN_DEPRECATED_OBJC_IMPLEMENTATIONS = YES;
				CLANG_WARN_DIRECT_OBJC_ISA_USAGE = YES_ERROR;
				CLANG_WARN_DOCUMENTATION_COMMENTS = YES;
				CLANG_WARN_EMPTY_BODY = YES;
				CLANG_WARN_ENUM_CONVERSION = YES;
				CLANG_WARN_INFINITE_RECURSION = YES;
				CLANG_WARN_INT_CONVERSION = YES;
				CLANG_WARN_NON_LITERAL_NULL_CONVERSION = YES;
				CLANG_WARN_OBJC_IMPLICIT_RETAIN_SELF = YES;
				CLANG_WARN_OBJC_LITERAL_CONVERSION = YES;
				CLANG_WARN_OBJC_ROOT_CLASS = YES_ERROR;
				CLANG_WARN_QUOTED_INCLUDE_IN_FRAMEWORK_HEADER = YES;
				CLANG_WARN_RANGE_LOOP_ANALYSIS = YES;
				CLANG_WARN_STRICT_PROTOTYPES = YES;
				CLANG_WARN_SUSPICIOUS_MOVE = YES;
				CLANG_WARN_UNGUARDED_AVAILABILITY = YES_AGGRESSIVE;
				CLANG_WARN_UNREACHABLE_CODE = YES;
				CLANG_WARN__DUPLICATE_METHOD_MATCH = YES;
				COPY_PHASE_STRIP = NO;
				DEBUG_INFORMATION_FORMAT = "dwarf-with-dsym";
				ENABLE_NS_ASSERTIONS = NO;
				ENABLE_STRICT_OBJC_MSGSEND = YES;
				ENABLE_USER_SCRIPT_SANDBOXING = YES;
				GCC_C_LANGUAGE_STANDARD = gnu17;
				GCC_NO_COMMON_BLOCKS = YES;
				GCC_WARN_64_TO_32_BIT_CONVERSION = YES;
				GCC_WARN_ABOUT_RETURN_TYPE = YES_ERROR;
				GCC_WARN_UNDECLARED_SELECTOR = YES;
				GCC_WARN_UNINITIALIZED_AUTOS = YES_AGGRESSIVE;
				GCC_WARN_UNUSED_FUNCTION = YES;
				GCC_WARN_UNUSED_VARIABLE = YES;
				IPHONEOS_DEPLOYMENT_TARGET = 17.5;
				LOCALIZATION_PREFERS_STRING_CATALOGS = YES;
				MTL_ENABLE_DEBUG_INFO = NO;
				MTL_FAST_MATH = YES;
				SDKROOT = iphoneos;
				SWIFT_COMPILATION_MODE = wholemodule;
				VALIDATE_PRODUCT = YES;
			};
			name = Release;
		};
		78FD96152C9A31B4001F342C /* Debug */ = {
			isa = XCBuildConfiguration;
			buildSettings = {
				ASSETCATALOG_COMPILER_APPICON_NAME = AppIcon;
				ASSETCATALOG_COMPILER_GLOBAL_ACCENT_COLOR_NAME = AccentColor;
				CODE_SIGN_STYLE = Automatic;
				CURRENT_PROJECT_VERSION = 1;
				DEVELOPMENT_ASSET_PATHS = "\"SenasDevStory/Preview Content\"";
				ENABLE_PREVIEWS = YES;
				GENERATE_INFOPLIST_FILE = YES;
				INFOPLIST_KEY_UIApplicationSceneManifest_Generation = YES;
				INFOPLIST_KEY_UIApplicationSupportsIndirectInputEvents = YES;
				INFOPLIST_KEY_UILaunchScreen_Generation = YES;
				INFOPLIST_KEY_UISupportedInterfaceOrientations_iPad = "UIInterfaceOrientationPortrait UIInterfaceOrientationPortraitUpsideDown UIInterfaceOrientationLandscapeLeft UIInterfaceOrientationLandscapeRight";
				INFOPLIST_KEY_UISupportedInterfaceOrientations_iPhone = "UIInterfaceOrientationPortrait UIInterfaceOrientationLandscapeLeft UIInterfaceOrientationLandscapeRight";
				LD_RUNPATH_SEARCH_PATHS = (
					"$(inherited)",
					"@executable_path/Frameworks",
				);
				MARKETING_VERSION = 1.0;
				PRODUCT_BUNDLE_IDENTIFIER = Sena.SenasDevStory;
				PRODUCT_NAME = "$(TARGET_NAME)";
				SWIFT_EMIT_LOC_STRINGS = YES;
				SWIFT_VERSION = 5.0;
				TARGETED_DEVICE_FAMILY = "1,2";
			};
			name = Debug;
		};
		78FD96162C9A31B4001F342C /* Release */ = {
			isa = XCBuildConfiguration;
			buildSettings = {
				ASSETCATALOG_COMPILER_APPICON_NAME = AppIcon;
				ASSETCATALOG_COMPILER_GLOBAL_ACCENT_COLOR_NAME = AccentColor;
				CODE_SIGN_STYLE = Automatic;
				CURRENT_PROJECT_VERSION = 1;
				DEVELOPMENT_ASSET_PATHS = "\"SenasDevStory/Preview Content\"";
				ENABLE_PREVIEWS = YES;
				GENERATE_INFOPLIST_FILE = YES;
				INFOPLIST_KEY_UIApplicationSceneManifest_Generation = YES;
				INFOPLIST_KEY_UIApplicationSupportsIndirectInputEvents = YES;
				INFOPLIST_KEY_UILaunchScreen_Generation = YES;
				INFOPLIST_KEY_UISupportedInterfaceOrientations_iPad = "UIInterfaceOrientationPortrait UIInterfaceOrientationPortraitUpsideDown UIInterfaceOrientationLandscapeLeft UIInterfaceOrientationLandscapeRight";
				INFOPLIST_KEY_UISupportedInterfaceOrientations_iPhone = "UIInterfaceOrientationPortrait UIInterfaceOrientationLandscapeLeft UIInterfaceOrientationLandscapeRight";
				LD_RUNPATH_SEARCH_PATHS = (
					"$(inherited)",
					"@executable_path/Frameworks",
				);
				MARKETING_VERSION = 1.0;
				PRODUCT_BUNDLE_IDENTIFIER = Sena.SenasDevStory;
				PRODUCT_NAME = "$(TARGET_NAME)";
				SWIFT_EMIT_LOC_STRINGS = YES;
				SWIFT_VERSION = 5.0;
				TARGETED_DEVICE_FAMILY = "1,2";
			};
			name = Release;
		};
		78FD96182C9A31B4001F342C /* Debug */ = {
			isa = XCBuildConfiguration;
			buildSettings = {
				ALWAYS_EMBED_SWIFT_STANDARD_LIBRARIES = YES;
				BUNDLE_LOADER = "$(TEST_HOST)";
				CODE_SIGN_STYLE = Automatic;
				CURRENT_PROJECT_VERSION = 1;
				GENERATE_INFOPLIST_FILE = YES;
				IPHONEOS_DEPLOYMENT_TARGET = 17.5;
				MARKETING_VERSION = 1.0;
				PRODUCT_BUNDLE_IDENTIFIER = Sena.SenasDevStoryTests;
				PRODUCT_NAME = "$(TARGET_NAME)";
				SWIFT_EMIT_LOC_STRINGS = NO;
				SWIFT_VERSION = 5.0;
				TARGETED_DEVICE_FAMILY = "1,2";
				TEST_HOST = "$(BUILT_PRODUCTS_DIR)/SenasDevStory.app/$(BUNDLE_EXECUTABLE_FOLDER_PATH)/SenasDevStory";
			};
			name = Debug;
		};
		78FD96192C9A31B4001F342C /* Release */ = {
			isa = XCBuildConfiguration;
			buildSettings = {
				ALWAYS_EMBED_SWIFT_STANDARD_LIBRARIES = YES;
				BUNDLE_LOADER = "$(TEST_HOST)";
				CODE_SIGN_STYLE = Automatic;
				CURRENT_PROJECT_VERSION = 1;
				GENERATE_INFOPLIST_FILE = YES;
				IPHONEOS_DEPLOYMENT_TARGET = 17.5;
				MARKETING_VERSION = 1.0;
				PRODUCT_BUNDLE_IDENTIFIER = Sena.SenasDevStoryTests;
				PRODUCT_NAME = "$(TARGET_NAME)";
				SWIFT_EMIT_LOC_STRINGS = NO;
				SWIFT_VERSION = 5.0;
				TARGETED_DEVICE_FAMILY = "1,2";
				TEST_HOST = "$(BUILT_PRODUCTS_DIR)/SenasDevStory.app/$(BUNDLE_EXECUTABLE_FOLDER_PATH)/SenasDevStory";
			};
			name = Release;
		};
		78FD961B2C9A31B4001F342C /* Debug */ = {
			isa = XCBuildConfiguration;
			buildSettings = {
				ALWAYS_EMBED_SWIFT_STANDARD_LIBRARIES = YES;
				CODE_SIGN_STYLE = Automatic;
				CURRENT_PROJECT_VERSION = 1;
				GENERATE_INFOPLIST_FILE = YES;
				MARKETING_VERSION = 1.0;
				PRODUCT_BUNDLE_IDENTIFIER = Sena.SenasDevStoryUITests;
				PRODUCT_NAME = "$(TARGET_NAME)";
				SWIFT_EMIT_LOC_STRINGS = NO;
				SWIFT_VERSION = 5.0;
				TARGETED_DEVICE_FAMILY = "1,2";
				TEST_TARGET_NAME = SenasDevStory;
			};
			name = Debug;
		};
		78FD961C2C9A31B4001F342C /* Release */ = {
			isa = XCBuildConfiguration;
			buildSettings = {
				ALWAYS_EMBED_SWIFT_STANDARD_LIBRARIES = YES;
				CODE_SIGN_STYLE = Automatic;
				CURRENT_PROJECT_VERSION = 1;
				GENERATE_INFOPLIST_FILE = YES;
				MARKETING_VERSION = 1.0;
				PRODUCT_BUNDLE_IDENTIFIER = Sena.SenasDevStoryUITests;
				PRODUCT_NAME = "$(TARGET_NAME)";
				SWIFT_EMIT_LOC_STRINGS = NO;
				SWIFT_VERSION = 5.0;
				TARGETED_DEVICE_FAMILY = "1,2";
				TEST_TARGET_NAME = SenasDevStory;
			};
			name = Release;
		};
/* End XCBuildConfiguration section */

/* Begin XCConfigurationList section */
		78FD95EB2C9A31B2001F342C /* Build configuration list for PBXProject "SenasDevStory" */ = {
			isa = XCConfigurationList;
			buildConfigurations = (
				78FD96122C9A31B4001F342C /* Debug */,
				78FD96132C9A31B4001F342C /* Release */,
			);
			defaultConfigurationIsVisible = 0;
			defaultConfigurationName = Release;
		};
		78FD96142C9A31B4001F342C /* Build configuration list for PBXNativeTarget "SenasDevStory" */ = {
			isa = XCConfigurationList;
			buildConfigurations = (
				78FD96152C9A31B4001F342C /* Debug */,
				78FD96162C9A31B4001F342C /* Release */,
			);
			defaultConfigurationIsVisible = 0;
			defaultConfigurationName = Release;
		};
		78FD96172C9A31B4001F342C /* Build configuration list for PBXNativeTarget "SenasDevStoryTests" */ = {
			isa = XCConfigurationList;
			buildConfigurations = (
				78FD96182C9A31B4001F342C /* Debug */,
				78FD96192C9A31B4001F342C /* Release */,
			);
			defaultConfigurationIsVisible = 0;
			defaultConfigurationName = Release;
		};
		78FD961A2C9A31B4001F342C /* Build configuration list for PBXNativeTarget "SenasDevStoryUITests" */ = {
			isa = XCConfigurationList;
			buildConfigurations = (
				78FD961B2C9A31B4001F342C /* Debug */,
				78FD961C2C9A31B4001F342C /* Release */,
			);
			defaultConfigurationIsVisible = 0;
			defaultConfigurationName = Release;
		};
/* End XCConfigurationList section */
	};
	rootObject = 78FD95E82C9A31B2001F342C /* Project object */;
}
